
Microsoft Visual Studio Solution File, Format Version 12.00
# Visual Studio Version 16
VisualStudioVersion = 16.0.31025.194
MinimumVisualStudioVersion = 10.0.40219.1
Project("{FAE04EC0-301F-11D3-BF4B-00C04F79EFBC}") = "ChatApp.Web", "ChatApp.Web\ChatApp.Web.csproj", "{3323CBAE-AFF1-48B2-BD37-81783515185B}"
EndProject
Project("{FAE04EC0-301F-11D3-BF4B-00C04F79EFBC}") = "ChatApp.DTO", "ChatApp.DTO\ChatApp.DTO.csproj", "{57DE8A26-9EE1-484A-833C-6E967FA1103E}"
EndProject
Project("{FAE04EC0-301F-11D3-BF4B-00C04F79EFBC}") = "ChatApp.Mobile.Android", "ChatApp.Mobile\ChatApp.Mobile.Android\ChatApp.Mobile.Android.csproj", "{D332F966-9245-430D-8834-747C759B7571}"
EndProject
Project("{FAE04EC0-301F-11D3-BF4B-00C04F79EFBC}") = "ChatApp.Mobile", "ChatApp.Mobile\ChatApp.Mobile\ChatApp.Mobile.csproj", "{A1264560-7C6B-4D7F-89AE-624A0E9E898E}"
EndProject
Global
	GlobalSection(SolutionConfigurationPlatforms) = preSolution
		Debug|Any CPU = Debug|Any CPU
		Release|Any CPU = Release|Any CPU
	EndGlobalSection
	GlobalSection(ProjectConfigurationPlatforms) = postSolution
		{3323CBAE-AFF1-48B2-BD37-81783515185B}.Debug|Any CPU.ActiveCfg = Debug|Any CPU
		{3323CBAE-AFF1-48B2-BD37-81783515185B}.Debug|Any CPU.Build.0 = Debug|Any CPU
		{3323CBAE-AFF1-48B2-BD37-81783515185B}.Release|Any CPU.ActiveCfg = Release|Any CPU
		{3323CBAE-AFF1-48B2-BD37-81783515185B}.Release|Any CPU.Build.0 = Release|Any CPU
		{57DE8A26-9EE1-484A-833C-6E967FA1103E}.Debug|Any CPU.ActiveCfg = Debug|Any CPU
		{57DE8A26-9EE1-484A-833C-6E967FA1103E}.Debug|Any CPU.Build.0 = Debug|Any CPU
		{57DE8A26-9EE1-484A-833C-6E967FA1103E}.Release|Any CPU.ActiveCfg = Release|Any CPU
		{57DE8A26-9EE1-484A-833C-6E967FA1103E}.Release|Any CPU.Build.0 = Release|Any CPU
		{D332F966-9245-430D-8834-747C759B7571}.Debug|Any CPU.ActiveCfg = Debug|Any CPU
		{D332F966-9245-430D-8834-747C759B7571}.Debug|Any CPU.Build.0 = Debug|Any CPU
		{D332F966-9245-430D-8834-747C759B7571}.Debug|Any CPU.Deploy.0 = Debug|Any CPU
		{D332F966-9245-430D-8834-747C759B7571}.Release|Any CPU.ActiveCfg = Release|Any CPU
		{D332F966-9245-430D-8834-747C759B7571}.Release|Any CPU.Build.0 = Release|Any CPU
		{D332F966-9245-430D-8834-747C759B7571}.Release|Any CPU.Deploy.0 = Release|Any CPU
		{A1264560-7C6B-4D7F-89AE-624A0E9E898E}.Debug|Any CPU.ActiveCfg = Debug|Any CPU
		{A1264560-7C6B-4D7F-89AE-624A0E9E898E}.Debug|Any CPU.Build.0 = Debug|Any CPU
		{A1264560-7C6B-4D7F-89AE-624A0E9E898E}.Release|Any CPU.ActiveCfg = Release|Any CPU
		{A1264560-7C6B-4D7F-89AE-624A0E9E898E}.Release|Any CPU.Build.0 = Release|Any CPU
	EndGlobalSection
	GlobalSection(SolutionProperties) = preSolution
		HideSolutionNode = FALSE
	EndGlobalSection
	GlobalSection(ExtensibilityGlobals) = postSolution
		SolutionGuid = {8FDB64F5-D520-4D39-A9F6-A7107000347A}
	EndGlobalSection
EndGlobal
